
Microsoft Visual Studio Solution File, Format Version 12.00
# Visual Studio Version 17
VisualStudioVersion = 17.8.34316.72
MinimumVisualStudioVersion = 10.0.40219.1
Project("{FAE04EC0-301F-11D3-BF4B-00C04F79EFBC}") = "Store", "Store\Store.csproj", "{FF9BBE92-C2B3-41C9-B49F-60A027E7C171}"
EndProject
Global
	GlobalSection(SolutionConfigurationPlatforms) = preSolution
		Debug|Any CPU = Debug|Any CPU
		Release|Any CPU = Release|Any CPU
	EndGlobalSection
	GlobalSection(ProjectConfigurationPlatforms) = postSolution
		{FF9BBE92-C2B3-41C9-B49F-60A027E7C171}.Debug|Any CPU.ActiveCfg = Debug|Any CPU
		{FF9BBE92-C2B3-41C9-B49F-60A027E7C171}.Debug|Any CPU.Build.0 = Debug|Any CPU
		{FF9BBE92-C2B3-41C9-B49F-60A027E7C171}.Release|Any CPU.ActiveCfg = Release|Any CPU
		{FF9BBE92-C2B3-41C9-B49F-60A027E7C171}.Release|Any CPU.Build.0 = Release|Any CPU
	EndGlobalSection
	GlobalSection(SolutionProperties) = preSolution
		HideSolutionNode = FALSE
	EndGlobalSection
	GlobalSection(ExtensibilityGlobals) = postSolution
		SolutionGuid = {BFEAD2F2-9A93-409B-BCA2-0242726B5B56}
	EndGlobalSection
EndGlobal
